
Microsoft Visual Studio Solution File, Format Version 12.00
# Visual Studio 14
VisualStudioVersion = 14.0.25420.1
MinimumVisualStudioVersion = 10.0.40219.1
Project("{FAE04EC0-301F-11D3-BF4B-00C04F79EFBC}") = "Routee.Sdk", "Routee.Sdk\Routee.Sdk.csproj", "{81903EA4-A09A-4D99-915F-B1850EAD8F49}"
EndProject
Project("{FAE04EC0-301F-11D3-BF4B-00C04F79EFBC}") = "Routee.ConsoleApp", "Routee.ConsoleApp\Routee.ConsoleApp.csproj", "{1D6642C6-A687-45EA-B2FE-82C725D346BD}"
EndProject
Project("{FAE04EC0-301F-11D3-BF4B-00C04F79EFBC}") = "Routee.Sdk.Tests", "Routee.Sdk.Tests\Routee.Sdk.Tests.csproj", "{23DE47C6-BBB5-4030-81D4-FB72D01E4AB4}"
EndProject
Global
	GlobalSection(SolutionConfigurationPlatforms) = preSolution
		Debug|Any CPU = Debug|Any CPU
		Release|Any CPU = Release|Any CPU
	EndGlobalSection
	GlobalSection(ProjectConfigurationPlatforms) = postSolution
		{81903EA4-A09A-4D99-915F-B1850EAD8F49}.Debug|Any CPU.ActiveCfg = Debug|Any CPU
		{81903EA4-A09A-4D99-915F-B1850EAD8F49}.Debug|Any CPU.Build.0 = Debug|Any CPU
		{81903EA4-A09A-4D99-915F-B1850EAD8F49}.Release|Any CPU.ActiveCfg = Release|Any CPU
		{81903EA4-A09A-4D99-915F-B1850EAD8F49}.Release|Any CPU.Build.0 = Release|Any CPU
		{1D6642C6-A687-45EA-B2FE-82C725D346BD}.Debug|Any CPU.ActiveCfg = Debug|Any CPU
		{1D6642C6-A687-45EA-B2FE-82C725D346BD}.Debug|Any CPU.Build.0 = Debug|Any CPU
		{1D6642C6-A687-45EA-B2FE-82C725D346BD}.Release|Any CPU.ActiveCfg = Release|Any CPU
		{1D6642C6-A687-45EA-B2FE-82C725D346BD}.Release|Any CPU.Build.0 = Release|Any CPU
		{23DE47C6-BBB5-4030-81D4-FB72D01E4AB4}.Debug|Any CPU.ActiveCfg = Debug|Any CPU
		{23DE47C6-BBB5-4030-81D4-FB72D01E4AB4}.Debug|Any CPU.Build.0 = Debug|Any CPU
		{23DE47C6-BBB5-4030-81D4-FB72D01E4AB4}.Release|Any CPU.ActiveCfg = Release|Any CPU
		{23DE47C6-BBB5-4030-81D4-FB72D01E4AB4}.Release|Any CPU.Build.0 = Release|Any CPU
	EndGlobalSection
	GlobalSection(SolutionProperties) = preSolution
		HideSolutionNode = FALSE
	EndGlobalSection
EndGlobal
